{
  "name": "tut",
  "lockfileVersion": 3,
  "requires": true,
  "packages": {
    "": {
      "dependencies": {
        "area": "^0.0.2",
        "circular": "^1.0.5"
      }
    },
    "node_modules/area": {
      "version": "0.0.2",
      "resolved": "https://registry.npmjs.org/area/-/area-0.0.2.tgz",
      "integrity": "sha512-iTCe0NBNC2ONBC5tzbzPf6XdS3IzvMG53bq5k+0XA6foTPwjedqQyp5qQOkksQpHme1PsrRIVkO0+5sTUZ811A=="
    },
    "node_modules/circular": {
      "version": "1.0.5",
      "resolved": "https://registry.npmjs.org/circular/-/circular-1.0.5.tgz",
      "integrity": "sha512-n4Sspha+wxUl5zeA3JYp1zFCjsLz2VfXIe2gRKNQBrIX+7iPdGcCGZOF8W8IULtllZ/aejXtySfdFFt1wy/3JQ=="
    }
  }
}
